
Microsoft Visual Studio Solution File, Format Version 12.00
# Visual Studio 2013
VisualStudioVersion = 12.0.21005.1
MinimumVisualStudioVersion = 10.0.40219.1
Project("{FAE04EC0-301F-11D3-BF4B-00C04F79EFBC}") = "CollisionTest", "CollisionTest\CollisionTest\CollisionTest.csproj", "{A514C1DE-0EED-4D21-BC00-4782F88EB1EE}"
EndProject
Project("{96E2B04D-8817-42C6-938A-82C39BA4D311}") = "CollisionTestContent", "CollisionTest\CollisionTestContent\CollisionTestContent.contentproj", "{9B8B3735-2A25-487A-9218-8F42CB416932}"
EndProject
Global
	GlobalSection(SolutionConfigurationPlatforms) = preSolution
		Debug|x86 = Debug|x86
		Release|x86 = Release|x86
	EndGlobalSection
	GlobalSection(ProjectConfigurationPlatforms) = postSolution
		{A514C1DE-0EED-4D21-BC00-4782F88EB1EE}.Debug|x86.ActiveCfg = Debug|x86
		{A514C1DE-0EED-4D21-BC00-4782F88EB1EE}.Debug|x86.Build.0 = Debug|x86
		{A514C1DE-0EED-4D21-BC00-4782F88EB1EE}.Release|x86.ActiveCfg = Release|x86
		{A514C1DE-0EED-4D21-BC00-4782F88EB1EE}.Release|x86.Build.0 = Release|x86
		{9B8B3735-2A25-487A-9218-8F42CB416932}.Debug|x86.ActiveCfg = Debug|x86
		{9B8B3735-2A25-487A-9218-8F42CB416932}.Release|x86.ActiveCfg = Release|x86
	EndGlobalSection
	GlobalSection(SolutionProperties) = preSolution
		HideSolutionNode = FALSE
	EndGlobalSection
EndGlobal
