
Microsoft Visual Studio Solution File, Format Version 12.00
# Visual Studio 2013
VisualStudioVersion = 12.0.21005.1
MinimumVisualStudioVersion = 10.0.40219.1
Project("{FAE04EC0-301F-11D3-BF4B-00C04F79EFBC}") = "Dauntlet", "Dauntlet\Dauntlet\Dauntlet.csproj", "{2DBFD393-482B-45E8-A2A9-45F864FED9C2}"
EndProject
Project("{96E2B04D-8817-42C6-938A-82C39BA4D311}") = "DauntletContent", "Dauntlet\DauntletContent\DauntletContent.contentproj", "{8B6F7B05-1A64-4CB7-844F-C8CCD0689E16}"
EndProject
Global
	GlobalSection(SolutionConfigurationPlatforms) = preSolution
		Debug|x86 = Debug|x86
		Release|x86 = Release|x86
	EndGlobalSection
	GlobalSection(ProjectConfigurationPlatforms) = postSolution
		{2DBFD393-482B-45E8-A2A9-45F864FED9C2}.Debug|x86.ActiveCfg = Debug|x86
		{2DBFD393-482B-45E8-A2A9-45F864FED9C2}.Debug|x86.Build.0 = Debug|x86
		{2DBFD393-482B-45E8-A2A9-45F864FED9C2}.Release|x86.ActiveCfg = Release|x86
		{2DBFD393-482B-45E8-A2A9-45F864FED9C2}.Release|x86.Build.0 = Release|x86
		{8B6F7B05-1A64-4CB7-844F-C8CCD0689E16}.Debug|x86.ActiveCfg = Debug|x86
		{8B6F7B05-1A64-4CB7-844F-C8CCD0689E16}.Release|x86.ActiveCfg = Release|x86
	EndGlobalSection
	GlobalSection(SolutionProperties) = preSolution
		HideSolutionNode = FALSE
	EndGlobalSection
EndGlobal
